
Microsoft Visual Studio Solution File, Format Version 12.00
# Visual Studio 11
Project("{FAE04EC0-301F-11D3-BF4B-00C04F79EFBC}") = "DayzInventory.Infrastructure", "DayzInventory.Infrastructure\DayzInventory.Infrastructure.csproj", "{F888A51B-DAB1-4A92-B594-F4E7E6B75053}"
EndProject
Global
	GlobalSection(SolutionConfigurationPlatforms) = preSolution
		Debug|Any CPU = Debug|Any CPU
		Release|Any CPU = Release|Any CPU
	EndGlobalSection
	GlobalSection(ProjectConfigurationPlatforms) = postSolution
		{F888A51B-DAB1-4A92-B594-F4E7E6B75053}.Debug|Any CPU.ActiveCfg = Debug|Any CPU
		{F888A51B-DAB1-4A92-B594-F4E7E6B75053}.Debug|Any CPU.Build.0 = Debug|Any CPU
		{F888A51B-DAB1-4A92-B594-F4E7E6B75053}.Release|Any CPU.ActiveCfg = Release|Any CPU
		{F888A51B-DAB1-4A92-B594-F4E7E6B75053}.Release|Any CPU.Build.0 = Release|Any CPU
	EndGlobalSection
	GlobalSection(SolutionProperties) = preSolution
		HideSolutionNode = FALSE
	EndGlobalSection
EndGlobal
